
Microsoft Visual Studio Solution File, Format Version 12.00
# Visual Studio Version 17
VisualStudioVersion = 17.5.002.0
MinimumVisualStudioVersion = 10.0.40219.1
Project("{2150E333-8FDC-42A3-9474-1A3956D46DE8}") = "Files", "Files", "{3925EE55-93E3-4E57-BD61-65D6A73C30B0}"
EndProject
Project("{9A19103F-16F7-4668-BE54-9A1E7A4F7556}") = "CreateFiles", "Files\CreateFiles\CreateFiles.csproj", "{A688017C-C5B5-46D7-BDF6-97BF8931A8AB}"
EndProject
Project("{9A19103F-16F7-4668-BE54-9A1E7A4F7556}") = "Directories", "Files\Directories\Directories.csproj", "{15A89EB8-6381-4919-9CE1-E2F7739582BF}"
EndProject
Project("{9A19103F-16F7-4668-BE54-9A1E7A4F7556}") = "FileInfo", "Files\FileInfo\FileInfo.csproj", "{194E6675-44AD-40E2-B2D0-A4197E267071}"
EndProject
Project("{9A19103F-16F7-4668-BE54-9A1E7A4F7556}") = "ReadWriteFiles", "Files\ReadWriteFiles\ReadWriteFiles.csproj", "{7D02E894-F2A3-4BF7-9FE3-E0AC14979A92}"
EndProject
Project("{2150E333-8FDC-42A3-9474-1A3956D46DE8}") = "NumbersDates", "NumbersDates", "{4C23B69B-F8FC-4DF4-B8A3-FC76F2E95AD0}"
EndProject
Project("{9A19103F-16F7-4668-BE54-9A1E7A4F7556}") = "DateTimeClass", "NumbersDates\DateTimeClass\DateTimeClass.csproj", "{BCC724BA-5067-4CCA-B057-9C71B1F1DEC3}"
EndProject
Project("{9A19103F-16F7-4668-BE54-9A1E7A4F7556}") = "FormatDates", "NumbersDates\FormatDates\FormatDates.csproj", "{020CDE45-61AA-4726-B6F2-4C250F59435C}"
EndProject
Project("{9A19103F-16F7-4668-BE54-9A1E7A4F7556}") = "FormatNumbers", "NumbersDates\FormatNumbers\FormatNumbers.csproj", "{D5C5BD57-2616-4EA2-A48A-CA16D0BF64B0}"
EndProject
Project("{9A19103F-16F7-4668-BE54-9A1E7A4F7556}") = "ParseDates", "NumbersDates\ParseDates\ParseDates.csproj", "{ABCB6F72-A15F-40B1-A4D5-792A0D510E89}"
EndProject
Project("{9A19103F-16F7-4668-BE54-9A1E7A4F7556}") = "ParseNumbers", "NumbersDates\ParseNumbers\ParseNumbers.csproj", "{9C22ADD2-4B8E-4132-8E4E-C5A430287B1D}"
EndProject
Project("{2150E333-8FDC-42A3-9474-1A3956D46DE8}") = "Overview", "Overview", "{3C0B8D5D-BC75-459C-89CD-8959E114303D}"
EndProject
Project("{9A19103F-16F7-4668-BE54-9A1E7A4F7556}") = "DataTypes", "Overview\DataTypes\DataTypes.csproj", "{1902905D-F1EE-47EF-84BA-CDB31E634ED8}"
EndProject
Project("{9A19103F-16F7-4668-BE54-9A1E7A4F7556}") = "GarbageCollect", "Overview\GarbageCollect\GarbageCollect.csproj", "{C9962C79-49CA-464B-998B-8197251D8E82}"
EndProject
Project("{9A19103F-16F7-4668-BE54-9A1E7A4F7556}") = "MyConsoleApp", "Overview\MyConsoleApp\MyConsoleApp.csproj", "{EC72AB63-5FC9-41BE-ADF2-B35D741477DF}"
EndProject
Project("{2150E333-8FDC-42A3-9474-1A3956D46DE8}") = "Regex", "Regex", "{F57F271F-4951-4029-9E2E-E526D344FE66}"
EndProject
Project("{9A19103F-16F7-4668-BE54-9A1E7A4F7556}") = "Finding", "Regex\Finding\Finding.csproj", "{4E903BC4-EFA0-4682-9096-22071F769D32}"
EndProject
Project("{9A19103F-16F7-4668-BE54-9A1E7A4F7556}") = "Replacing", "Regex\Replacing\Replacing.csproj", "{3911C95B-3EEE-4337-BADC-BA99F8F4BF7D}"
EndProject
Project("{9A19103F-16F7-4668-BE54-9A1E7A4F7556}") = "RegexTimeouts", "Regex\Timeouts\RegexTimeouts.csproj", "{7996E750-E2C8-4B22-A3B9-B048FCB23953}"
EndProject
Project("{2150E333-8FDC-42A3-9474-1A3956D46DE8}") = "Strings", "Strings", "{40D8BEC6-C76B-4B38-9526-C7BA6A2DBFC2}"
EndProject
Project("{9A19103F-16F7-4668-BE54-9A1E7A4F7556}") = "Formatting", "Strings\Formatting\Formatting.csproj", "{9AD05D98-717A-4B76-885B-467B97FCE9BC}"
EndProject
Project("{9A19103F-16F7-4668-BE54-9A1E7A4F7556}") = "Interpolation", "Strings\Interpolation\Interpolation.csproj", "{6A82FE71-5480-4453-BA79-DBC5FEE51102}"
EndProject
Project("{9A19103F-16F7-4668-BE54-9A1E7A4F7556}") = "Manipulation", "Strings\Manipulation\Manipulation.csproj", "{B90AE77C-DDF1-428A-8B0E-FD418E502FB6}"
EndProject
Project("{9A19103F-16F7-4668-BE54-9A1E7A4F7556}") = "Searching", "Strings\Searching\Searching.csproj", "{DE7CCC34-5139-481A-B088-DC7565231CF5}"
EndProject
Global
	GlobalSection(SolutionConfigurationPlatforms) = preSolution
		Debug|Any CPU = Debug|Any CPU
		Release|Any CPU = Release|Any CPU
	EndGlobalSection
	GlobalSection(ProjectConfigurationPlatforms) = postSolution
		{A688017C-C5B5-46D7-BDF6-97BF8931A8AB}.Debug|Any CPU.ActiveCfg = Debug|Any CPU
		{A688017C-C5B5-46D7-BDF6-97BF8931A8AB}.Debug|Any CPU.Build.0 = Debug|Any CPU
		{A688017C-C5B5-46D7-BDF6-97BF8931A8AB}.Release|Any CPU.ActiveCfg = Release|Any CPU
		{A688017C-C5B5-46D7-BDF6-97BF8931A8AB}.Release|Any CPU.Build.0 = Release|Any CPU
		{15A89EB8-6381-4919-9CE1-E2F7739582BF}.Debug|Any CPU.ActiveCfg = Debug|Any CPU
		{15A89EB8-6381-4919-9CE1-E2F7739582BF}.Debug|Any CPU.Build.0 = Debug|Any CPU
		{15A89EB8-6381-4919-9CE1-E2F7739582BF}.Release|Any CPU.ActiveCfg = Release|Any CPU
		{15A89EB8-6381-4919-9CE1-E2F7739582BF}.Release|Any CPU.Build.0 = Release|Any CPU
		{194E6675-44AD-40E2-B2D0-A4197E267071}.Debug|Any CPU.ActiveCfg = Debug|Any CPU
		{194E6675-44AD-40E2-B2D0-A4197E267071}.Debug|Any CPU.Build.0 = Debug|Any CPU
		{194E6675-44AD-40E2-B2D0-A4197E267071}.Release|Any CPU.ActiveCfg = Release|Any CPU
		{194E6675-44AD-40E2-B2D0-A4197E267071}.Release|Any CPU.Build.0 = Release|Any CPU
		{7D02E894-F2A3-4BF7-9FE3-E0AC14979A92}.Debug|Any CPU.ActiveCfg = Debug|Any CPU
		{7D02E894-F2A3-4BF7-9FE3-E0AC14979A92}.Debug|Any CPU.Build.0 = Debug|Any CPU
		{7D02E894-F2A3-4BF7-9FE3-E0AC14979A92}.Release|Any CPU.ActiveCfg = Release|Any CPU
		{7D02E894-F2A3-4BF7-9FE3-E0AC14979A92}.Release|Any CPU.Build.0 = Release|Any CPU
		{BCC724BA-5067-4CCA-B057-9C71B1F1DEC3}.Debug|Any CPU.ActiveCfg = Debug|Any CPU
		{BCC724BA-5067-4CCA-B057-9C71B1F1DEC3}.Debug|Any CPU.Build.0 = Debug|Any CPU
		{BCC724BA-5067-4CCA-B057-9C71B1F1DEC3}.Release|Any CPU.ActiveCfg = Release|Any CPU
		{BCC724BA-5067-4CCA-B057-9C71B1F1DEC3}.Release|Any CPU.Build.0 = Release|Any CPU
		{020CDE45-61AA-4726-B6F2-4C250F59435C}.Debug|Any CPU.ActiveCfg = Debug|Any CPU
		{020CDE45-61AA-4726-B6F2-4C250F59435C}.Debug|Any CPU.Build.0 = Debug|Any CPU
		{020CDE45-61AA-4726-B6F2-4C250F59435C}.Release|Any CPU.ActiveCfg = Release|Any CPU
		{020CDE45-61AA-4726-B6F2-4C250F59435C}.Release|Any CPU.Build.0 = Release|Any CPU
		{D5C5BD57-2616-4EA2-A48A-CA16D0BF64B0}.Debug|Any CPU.ActiveCfg = Debug|Any CPU
		{D5C5BD57-2616-4EA2-A48A-CA16D0BF64B0}.Debug|Any CPU.Build.0 = Debug|Any CPU
		{D5C5BD57-2616-4EA2-A48A-CA16D0BF64B0}.Release|Any CPU.ActiveCfg = Release|Any CPU
		{D5C5BD57-2616-4EA2-A48A-CA16D0BF64B0}.Release|Any CPU.Build.0 = Release|Any CPU
		{ABCB6F72-A15F-40B1-A4D5-792A0D510E89}.Debug|Any CPU.ActiveCfg = Debug|Any CPU
		{ABCB6F72-A15F-40B1-A4D5-792A0D510E89}.Debug|Any CPU.Build.0 = Debug|Any CPU
		{ABCB6F72-A15F-40B1-A4D5-792A0D510E89}.Release|Any CPU.ActiveCfg = Release|Any CPU
		{ABCB6F72-A15F-40B1-A4D5-792A0D510E89}.Release|Any CPU.Build.0 = Release|Any CPU
		{9C22ADD2-4B8E-4132-8E4E-C5A430287B1D}.Debug|Any CPU.ActiveCfg = Debug|Any CPU
		{9C22ADD2-4B8E-4132-8E4E-C5A430287B1D}.Debug|Any CPU.Build.0 = Debug|Any CPU
		{9C22ADD2-4B8E-4132-8E4E-C5A430287B1D}.Release|Any CPU.ActiveCfg = Release|Any CPU
		{9C22ADD2-4B8E-4132-8E4E-C5A430287B1D}.Release|Any CPU.Build.0 = Release|Any CPU
		{1902905D-F1EE-47EF-84BA-CDB31E634ED8}.Debug|Any CPU.ActiveCfg = Debug|Any CPU
		{1902905D-F1EE-47EF-84BA-CDB31E634ED8}.Debug|Any CPU.Build.0 = Debug|Any CPU
		{1902905D-F1EE-47EF-84BA-CDB31E634ED8}.Release|Any CPU.ActiveCfg = Release|Any CPU
		{1902905D-F1EE-47EF-84BA-CDB31E634ED8}.Release|Any CPU.Build.0 = Release|Any CPU
		{C9962C79-49CA-464B-998B-8197251D8E82}.Debug|Any CPU.ActiveCfg = Debug|Any CPU
		{C9962C79-49CA-464B-998B-8197251D8E82}.Debug|Any CPU.Build.0 = Debug|Any CPU
		{C9962C79-49CA-464B-998B-8197251D8E82}.Release|Any CPU.ActiveCfg = Release|Any CPU
		{C9962C79-49CA-464B-998B-8197251D8E82}.Release|Any CPU.Build.0 = Release|Any CPU
		{EC72AB63-5FC9-41BE-ADF2-B35D741477DF}.Debug|Any CPU.ActiveCfg = Debug|Any CPU
		{EC72AB63-5FC9-41BE-ADF2-B35D741477DF}.Debug|Any CPU.Build.0 = Debug|Any CPU
		{EC72AB63-5FC9-41BE-ADF2-B35D741477DF}.Release|Any CPU.ActiveCfg = Release|Any CPU
		{EC72AB63-5FC9-41BE-ADF2-B35D741477DF}.Release|Any CPU.Build.0 = Release|Any CPU
		{4E903BC4-EFA0-4682-9096-22071F769D32}.Debug|Any CPU.ActiveCfg = Debug|Any CPU
		{4E903BC4-EFA0-4682-9096-22071F769D32}.Debug|Any CPU.Build.0 = Debug|Any CPU
		{4E903BC4-EFA0-4682-9096-22071F769D32}.Release|Any CPU.ActiveCfg = Release|Any CPU
		{4E903BC4-EFA0-4682-9096-22071F769D32}.Release|Any CPU.Build.0 = Release|Any CPU
		{3911C95B-3EEE-4337-BADC-BA99F8F4BF7D}.Debug|Any CPU.ActiveCfg = Debug|Any CPU
		{3911C95B-3EEE-4337-BADC-BA99F8F4BF7D}.Debug|Any CPU.Build.0 = Debug|Any CPU
		{3911C95B-3EEE-4337-BADC-BA99F8F4BF7D}.Release|Any CPU.ActiveCfg = Release|Any CPU
		{3911C95B-3EEE-4337-BADC-BA99F8F4BF7D}.Release|Any CPU.Build.0 = Release|Any CPU
		{7996E750-E2C8-4B22-A3B9-B048FCB23953}.Debug|Any CPU.ActiveCfg = Debug|Any CPU
		{7996E750-E2C8-4B22-A3B9-B048FCB23953}.Debug|Any CPU.Build.0 = Debug|Any CPU
		{7996E750-E2C8-4B22-A3B9-B048FCB23953}.Release|Any CPU.ActiveCfg = Release|Any CPU
		{7996E750-E2C8-4B22-A3B9-B048FCB23953}.Release|Any CPU.Build.0 = Release|Any CPU
		{9AD05D98-717A-4B76-885B-467B97FCE9BC}.Debug|Any CPU.ActiveCfg = Debug|Any CPU
		{9AD05D98-717A-4B76-885B-467B97FCE9BC}.Debug|Any CPU.Build.0 = Debug|Any CPU
		{9AD05D98-717A-4B76-885B-467B97FCE9BC}.Release|Any CPU.ActiveCfg = Release|Any CPU
		{9AD05D98-717A-4B76-885B-467B97FCE9BC}.Release|Any CPU.Build.0 = Release|Any CPU
		{6A82FE71-5480-4453-BA79-DBC5FEE51102}.Debug|Any CPU.ActiveCfg = Debug|Any CPU
		{6A82FE71-5480-4453-BA79-DBC5FEE51102}.Debug|Any CPU.Build.0 = Debug|Any CPU
		{6A82FE71-5480-4453-BA79-DBC5FEE51102}.Release|Any CPU.ActiveCfg = Release|Any CPU
		{6A82FE71-5480-4453-BA79-DBC5FEE51102}.Release|Any CPU.Build.0 = Release|Any CPU
		{B90AE77C-DDF1-428A-8B0E-FD418E502FB6}.Debug|Any CPU.ActiveCfg = Debug|Any CPU
		{B90AE77C-DDF1-428A-8B0E-FD418E502FB6}.Debug|Any CPU.Build.0 = Debug|Any CPU
		{B90AE77C-DDF1-428A-8B0E-FD418E502FB6}.Release|Any CPU.ActiveCfg = Release|Any CPU
		{B90AE77C-DDF1-428A-8B0E-FD418E502FB6}.Release|Any CPU.Build.0 = Release|Any CPU
		{DE7CCC34-5139-481A-B088-DC7565231CF5}.Debug|Any CPU.ActiveCfg = Debug|Any CPU
		{DE7CCC34-5139-481A-B088-DC7565231CF5}.Debug|Any CPU.Build.0 = Debug|Any CPU
		{DE7CCC34-5139-481A-B088-DC7565231CF5}.Release|Any CPU.ActiveCfg = Release|Any CPU
		{DE7CCC34-5139-481A-B088-DC7565231CF5}.Release|Any CPU.Build.0 = Release|Any CPU
	EndGlobalSection
	GlobalSection(SolutionProperties) = preSolution
		HideSolutionNode = FALSE
	EndGlobalSection
	GlobalSection(NestedProjects) = preSolution
		{A688017C-C5B5-46D7-BDF6-97BF8931A8AB} = {3925EE55-93E3-4E57-BD61-65D6A73C30B0}
		{15A89EB8-6381-4919-9CE1-E2F7739582BF} = {3925EE55-93E3-4E57-BD61-65D6A73C30B0}
		{194E6675-44AD-40E2-B2D0-A4197E267071} = {3925EE55-93E3-4E57-BD61-65D6A73C30B0}
		{7D02E894-F2A3-4BF7-9FE3-E0AC14979A92} = {3925EE55-93E3-4E57-BD61-65D6A73C30B0}
		{BCC724BA-5067-4CCA-B057-9C71B1F1DEC3} = {4C23B69B-F8FC-4DF4-B8A3-FC76F2E95AD0}
		{020CDE45-61AA-4726-B6F2-4C250F59435C} = {4C23B69B-F8FC-4DF4-B8A3-FC76F2E95AD0}
		{D5C5BD57-2616-4EA2-A48A-CA16D0BF64B0} = {4C23B69B-F8FC-4DF4-B8A3-FC76F2E95AD0}
		{ABCB6F72-A15F-40B1-A4D5-792A0D510E89} = {4C23B69B-F8FC-4DF4-B8A3-FC76F2E95AD0}
		{9C22ADD2-4B8E-4132-8E4E-C5A430287B1D} = {4C23B69B-F8FC-4DF4-B8A3-FC76F2E95AD0}
		{1902905D-F1EE-47EF-84BA-CDB31E634ED8} = {3C0B8D5D-BC75-459C-89CD-8959E114303D}
		{C9962C79-49CA-464B-998B-8197251D8E82} = {3C0B8D5D-BC75-459C-89CD-8959E114303D}
		{EC72AB63-5FC9-41BE-ADF2-B35D741477DF} = {3C0B8D5D-BC75-459C-89CD-8959E114303D}
		{4E903BC4-EFA0-4682-9096-22071F769D32} = {F57F271F-4951-4029-9E2E-E526D344FE66}
		{3911C95B-3EEE-4337-BADC-BA99F8F4BF7D} = {F57F271F-4951-4029-9E2E-E526D344FE66}
		{7996E750-E2C8-4B22-A3B9-B048FCB23953} = {F57F271F-4951-4029-9E2E-E526D344FE66}
		{9AD05D98-717A-4B76-885B-467B97FCE9BC} = {40D8BEC6-C76B-4B38-9526-C7BA6A2DBFC2}
		{6A82FE71-5480-4453-BA79-DBC5FEE51102} = {40D8BEC6-C76B-4B38-9526-C7BA6A2DBFC2}
		{B90AE77C-DDF1-428A-8B0E-FD418E502FB6} = {40D8BEC6-C76B-4B38-9526-C7BA6A2DBFC2}
		{DE7CCC34-5139-481A-B088-DC7565231CF5} = {40D8BEC6-C76B-4B38-9526-C7BA6A2DBFC2}
	EndGlobalSection
	GlobalSection(ExtensibilityGlobals) = postSolution
		SolutionGuid = {2C287C67-B207-4357-ACAB-2846F6DF9648}
	EndGlobalSection
EndGlobal
